
Microsoft Visual Studio Solution File, Format Version 12.00
# Visual Studio Version 17
VisualStudioVersion = 17.8.34330.188
MinimumVisualStudioVersion = 10.0.40219.1
Project("{FAE04EC0-301F-11D3-BF4B-00C04F79EFBC}") = "library_manager_avalonia", "library_manager_avalonia\library_manager_avalonia.csproj", "{1C774EF9-1597-42EA-932D-54D13EA7B262}"
EndProject
Global
	GlobalSection(SolutionConfigurationPlatforms) = preSolution
		Debug|Any CPU = Debug|Any CPU
		Release|Any CPU = Release|Any CPU
	EndGlobalSection
	GlobalSection(ProjectConfigurationPlatforms) = postSolution
		{1C774EF9-1597-42EA-932D-54D13EA7B262}.Debug|Any CPU.ActiveCfg = Debug|Any CPU
		{1C774EF9-1597-42EA-932D-54D13EA7B262}.Debug|Any CPU.Build.0 = Debug|Any CPU
		{1C774EF9-1597-42EA-932D-54D13EA7B262}.Release|Any CPU.ActiveCfg = Release|Any CPU
		{1C774EF9-1597-42EA-932D-54D13EA7B262}.Release|Any CPU.Build.0 = Release|Any CPU
	EndGlobalSection
	GlobalSection(SolutionProperties) = preSolution
		HideSolutionNode = FALSE
	EndGlobalSection
	GlobalSection(ExtensibilityGlobals) = postSolution
		SolutionGuid = {BF0E849B-322D-4A07-8343-7655C518B593}
	EndGlobalSection
EndGlobal
